
Microsoft Visual Studio Solution File, Format Version 12.00
# Visual Studio Version 17
VisualStudioVersion = 17.5.002.0
MinimumVisualStudioVersion = 10.0.40219.1
Project("{9A19103F-16F7-4668-BE54-9A1E7A4F7556}") = "Singularity", "Singularity.csproj", "{8930E9F8-64A1-4BD9-8EE1-D35A9F7FA169}"
EndProject
Global
	GlobalSection(SolutionConfigurationPlatforms) = preSolution
		Debug|Any CPU = Debug|Any CPU
		Release|Any CPU = Release|Any CPU
	EndGlobalSection
	GlobalSection(ProjectConfigurationPlatforms) = postSolution
		{8930E9F8-64A1-4BD9-8EE1-D35A9F7FA169}.Debug|Any CPU.ActiveCfg = Debug|Any CPU
		{8930E9F8-64A1-4BD9-8EE1-D35A9F7FA169}.Debug|Any CPU.Build.0 = Debug|Any CPU
		{8930E9F8-64A1-4BD9-8EE1-D35A9F7FA169}.Release|Any CPU.ActiveCfg = Release|Any CPU
		{8930E9F8-64A1-4BD9-8EE1-D35A9F7FA169}.Release|Any CPU.Build.0 = Release|Any CPU
	EndGlobalSection
	GlobalSection(SolutionProperties) = preSolution
		HideSolutionNode = FALSE
	EndGlobalSection
	GlobalSection(ExtensibilityGlobals) = postSolution
		SolutionGuid = {2C2F0517-7195-40C0-A37B-5D364F45C274}
	EndGlobalSection
EndGlobal
